<?xml version="1.0" encoding="utf-8"?>
<Project ToolsVersion="17.0" xmlns="http://schemas.microsoft.com/developer/msbuild/2003">
  <ItemGroup>
    <ClCompile Include="G:\HbbRenderer\HBBr\hBBr\RendererCore\main.cpp">
      <Filter>Source Files</Filter>
    </ClCompile>
  </ItemGroup>
  <ItemGroup>
    <CustomBuild Include="G:\HbbRenderer\HBBr\hBBr\RendererCore\CMakeLists.txt" />
  </ItemGroup>
  <ItemGroup>
    <Filter Include="Source Files">
      <UniqueIdentifier>{420C5F1E-851A-39FD-AA6D-866CB799E488}</UniqueIdentifier>
    </Filter>
  </ItemGroup>
</Project>
