<?xml version="1.0" encoding="utf-8"?>
<Project ToolsVersion="4.0" xmlns="http://schemas.microsoft.com/developer/msbuild/2003">
  <ItemGroup>
    <Filter Include="资源文件">
      <UniqueIdentifier>{67DA6AB6-F800-4c08-8B7A-83BB121AAD01}</UniqueIdentifier>
      <Extensions>rc;ico;cur;bmp;dlg;rc2;rct;bin;rgs;gif;jpg;jpeg;jpe;resx;tiff;tif;png;wav;mfcribbon-ms</Extensions>
    </Filter>
    <Filter Include="Renderer">
      <UniqueIdentifier>{6f125031-8c64-447d-bc47-215775c89f47}</UniqueIdentifier>
    </Filter>
    <Filter Include="Renderer\Core">
      <UniqueIdentifier>{1bd41d8f-9c1f-42c6-a349-fad7918c8b17}</UniqueIdentifier>
    </Filter>
    <Filter Include="ThirdParty">
      <UniqueIdentifier>{5a440e5a-7e2d-4adc-959f-c4bb95e55dac}</UniqueIdentifier>
    </Filter>
    <Filter Include="ThirdParty\pugixml">
      <UniqueIdentifier>{e14183e9-a79d-4332-be2d-695acb69bfed}</UniqueIdentifier>
    </Filter>
    <Filter Include="Common">
      <UniqueIdentifier>{4e7f3267-14e0-42dc-af1e-94e1a811f20a}</UniqueIdentifier>
    </Filter>
    <Filter Include="ThirdParty\Imgui">
      <UniqueIdentifier>{e00dbb4d-2fd4-4931-a5d0-1be791c9d0ee}</UniqueIdentifier>
    </Filter>
    <Filter Include="Editor">
      <UniqueIdentifier>{3d51124d-463a-422d-95b9-3fac762e9c68}</UniqueIdentifier>
    </Filter>
    <Filter Include="Renderer\Form">
      <UniqueIdentifier>{eb1d85df-5f3c-4a67-8ba3-242c5cc2b2d0}</UniqueIdentifier>
    </Filter>
    <Filter Include="Renderer\Core\Pass">
      <UniqueIdentifier>{4d0dd611-afb8-444c-8f92-a917cb95313e}</UniqueIdentifier>
    </Filter>
    <Filter Include="ThirdParty\GUID">
      <UniqueIdentifier>{e35db4b3-bdf8-449f-baf8-19718adf72f7}</UniqueIdentifier>
    </Filter>
    <Filter Include="Renderer\Core\Object">
      <UniqueIdentifier>{c3972e76-5868-4036-a0cb-8f61928c13e5}</UniqueIdentifier>
    </Filter>
    <Filter Include="Renderer\Core\Object\Component">
      <UniqueIdentifier>{8fca5c07-0f8b-4d2d-b71f-d2357de10820}</UniqueIdentifier>
    </Filter>
    <Filter Include="Renderer\Core\Asset">
      <UniqueIdentifier>{94d3536f-235e-41d5-a018-d48eeba67e6e}</UniqueIdentifier>
    </Filter>
    <Filter Include="Renderer\Core\Asset\AssetType">
      <UniqueIdentifier>{155f6a91-dbaa-4948-8952-ff3219806098}</UniqueIdentifier>
    </Filter>
    <Filter Include="Renderer\Core\World">
      <UniqueIdentifier>{b07b8a36-0ebd-4a4a-8858-b145bf5dbe21}</UniqueIdentifier>
    </Filter>
    <Filter Include="Renderer\Core\Pass\GraphicsPass">
      <UniqueIdentifier>{30822891-32a3-4119-8848-78baf266e16d}</UniqueIdentifier>
    </Filter>
    <Filter Include="Renderer\Core\Pass\Other">
      <UniqueIdentifier>{a7a3c29b-cd5b-4df8-af92-1ec825588d98}</UniqueIdentifier>
    </Filter>
    <Filter Include="Renderer\Core\Pass\ComputePass">
      <UniqueIdentifier>{fcdb0014-75c7-4719-b5f6-a81cc0eb85a6}</UniqueIdentifier>
    </Filter>
    <Filter Include="Renderer\Core\Pass\MeshProcessor">
      <UniqueIdentifier>{467189f6-b673-4b9e-a559-8543e92c7b05}</UniqueIdentifier>
    </Filter>
    <Filter Include="ThirdParty\Imgui\backends">
      <UniqueIdentifier>{78ec89ec-8a72-44c7-82bc-8abd8e9e136f}</UniqueIdentifier>
    </Filter>
  </ItemGroup>
  <ItemGroup>
    <ClInclude Include="Core\VulkanManager.h">
      <Filter>Renderer\Core</Filter>
    </ClInclude>
    <ClInclude Include="..\ThirdParty\pugixml\pugixml.hpp">
      <Filter>ThirdParty\pugixml</Filter>
    </ClInclude>
    <ClInclude Include="..\ThirdParty\pugixml\pugiconfig.hpp">
      <Filter>ThirdParty\pugixml</Filter>
    </ClInclude>
    <ClInclude Include="Common\HString.h">
      <Filter>Common</Filter>
    </ClInclude>
    <ClInclude Include="Common\ConsoleDebug.h">
      <Filter>Common</Filter>
    </ClInclude>
    <ClInclude Include="Common\Common.h">
      <Filter>Common</Filter>
    </ClInclude>
    <ClInclude Include="Common\XMLStream.h">
      <Filter>Common</Filter>
    </ClInclude>
    <ClInclude Include="Core\VulkanRenderer.h">
      <Filter>Renderer\Core</Filter>
    </ClInclude>
    <ClInclude Include="Core\Pipeline.h">
      <Filter>Renderer\Core</Filter>
    </ClInclude>
    <ClInclude Include="Core\RendererConfig.h">
      <Filter>Renderer\Core</Filter>
    </ClInclude>
    <ClInclude Include="Core\VertexFactory.h">
      <Filter>Renderer\Core</Filter>
    </ClInclude>
    <ClInclude Include="Editor\ShaderCompiler.h">
      <Filter>Editor</Filter>
    </ClInclude>
    <ClInclude Include="Common\FileSystem.h">
      <Filter>Common</Filter>
    </ClInclude>
    <ClInclude Include="Core\DescriptorSet.h">
      <Filter>Renderer\Core</Filter>
    </ClInclude>
    <ClInclude Include="Core\Shader.h">
      <Filter>Renderer\Core</Filter>
    </ClInclude>
    <ClInclude Include="Core\Thread.h">
      <Filter>Renderer\Core</Filter>
    </ClInclude>
    <ClInclude Include="Form\SDLInclude.h">
      <Filter>Renderer\Form</Filter>
    </ClInclude>
    <ClInclude Include="Form\FormMain.h">
      <Filter>Renderer\Form</Filter>
    </ClInclude>
    <ClInclude Include="Common\HTime.h">
      <Filter>Common</Filter>
    </ClInclude>
    <ClInclude Include="Core\Primitive.h">
      <Filter>Renderer\Core</Filter>
    </ClInclude>
    <ClInclude Include="Core\Component\CameraComponent.h">
      <Filter>Renderer\Core\Object\Component</Filter>
    </ClInclude>
    <ClInclude Include="Core\Component\Component.h">
      <Filter>Renderer\Core\Object\Component</Filter>
    </ClInclude>
    <ClInclude Include="Core\Component\ModelComponent.h">
      <Filter>Renderer\Core\Object\Component</Filter>
    </ClInclude>
    <ClInclude Include="Core\Pass\PassType.h">
      <Filter>Renderer\Core\Pass</Filter>
    </ClInclude>
    <ClInclude Include="Common\HInput.h">
      <Filter>Common</Filter>
    </ClInclude>
    <ClInclude Include="Common\ImageTool.h">
      <Filter>Common</Filter>
    </ClInclude>
    <ClInclude Include="Common\TypeConversion.h">
      <Filter>Common</Filter>
    </ClInclude>
    <ClInclude Include="Common\DDSTool.h">
      <Filter>Common</Filter>
    </ClInclude>
    <ClInclude Include="Common\RendererType.h">
      <Filter>Common</Filter>
    </ClInclude>
    <ClInclude Include="main.h">
      <Filter>Renderer</Filter>
    </ClInclude>
    <ClInclude Include="..\ThirdParty\crossguid\Include\crossguid\guid.hpp">
      <Filter>ThirdParty\GUID</Filter>
    </ClInclude>
    <ClInclude Include="Common\AndroidCommon.h">
      <Filter>Common</Filter>
    </ClInclude>
    <ClInclude Include="Common\HRect.h">
      <Filter>Common</Filter>
    </ClInclude>
    <ClInclude Include="Core\Component\GameObject.h">
      <Filter>Renderer\Core\Object</Filter>
    </ClInclude>
    <ClInclude Include="Core\Component\Transform.h">
      <Filter>Renderer\Core\Object</Filter>
    </ClInclude>
    <ClInclude Include="Core\Asset\HGuid.h">
      <Filter>Renderer\Core\Asset</Filter>
    </ClInclude>
    <ClInclude Include="Core\Asset\ContentManager.h">
      <Filter>Renderer\Core\Asset</Filter>
    </ClInclude>
    <ClInclude Include="Core\Asset\Material.h">
      <Filter>Renderer\Core\Asset\AssetType</Filter>
    </ClInclude>
    <ClInclude Include="Core\Asset\Model.h">
      <Filter>Renderer\Core\Asset\AssetType</Filter>
    </ClInclude>
    <ClInclude Include="Core\Asset\AssetObject.h">
      <Filter>Renderer\Core\Asset\AssetType</Filter>
    </ClInclude>
    <ClInclude Include="Core\Asset\Texture2D.h">
      <Filter>Renderer\Core\Asset\AssetType</Filter>
    </ClInclude>
    <ClInclude Include="Core\Asset\Serializable.h">
      <Filter>Renderer\Core\Asset</Filter>
    </ClInclude>
    <ClInclude Include="Core\Asset\World.h">
      <Filter>Renderer\Core\World</Filter>
    </ClInclude>
    <ClInclude Include="Core\Asset\Level.h">
      <Filter>Renderer\Core\World</Filter>
    </ClInclude>
    <ClInclude Include="Core\Pass\PassBase.h">
      <Filter>Renderer\Core\Pass</Filter>
    </ClInclude>
    <ClInclude Include="Core\Pass\PassManager.h">
      <Filter>Renderer\Core\Pass</Filter>
    </ClInclude>
    <ClInclude Include="Core\Pass\ImguiPass.h">
      <Filter>Renderer\Core\Pass\GraphicsPass</Filter>
    </ClInclude>
    <ClInclude Include="Core\Pass\PreCommandPass.h">
      <Filter>Renderer\Core\Pass\Other</Filter>
    </ClInclude>
    <ClInclude Include="Core\Asset\SceneTexture.h">
      <Filter>Renderer\Core\Pass</Filter>
    </ClInclude>
    <ClInclude Include="Core\Asset\TextureCube.h">
      <Filter>Renderer\Core\Asset\AssetType</Filter>
    </ClInclude>
    <ClInclude Include="Core\Pass\HDRI2Cube.h">
      <Filter>Renderer\Core\Pass\ComputePass</Filter>
    </ClInclude>
    <ClInclude Include="Editor\NvidiaTextureTools.h">
      <Filter>Editor</Filter>
    </ClInclude>
    <ClInclude Include="Core\Pass\BasePass.h">
      <Filter>Renderer\Core\Pass\GraphicsPass</Filter>
    </ClInclude>
    <ClInclude Include="Core\Pass\DeferredLightingPass.h">
      <Filter>Renderer\Core\Pass\GraphicsPass</Filter>
    </ClInclude>
    <ClInclude Include="Core\Component\DirectionalLightComponent.h">
      <Filter>Renderer\Core\Object\Component</Filter>
    </ClInclude>
    <ClInclude Include="Core\Pass\PostProcessPass.h">
      <Filter>Renderer\Core\Pass\GraphicsPass</Filter>
    </ClInclude>
    <ClInclude Include="Core\Pass\UniformBuffer.h">
      <Filter>Renderer\Core\Pass</Filter>
    </ClInclude>
    <ClInclude Include="Core\VulkanObjectManager.h">
      <Filter>Renderer\Core</Filter>
    </ClInclude>
    <ClInclude Include="Core\VMABuffer.h">
      <Filter>Renderer\Core</Filter>
    </ClInclude>
    <ClInclude Include="..\ThirdParty\Imgui\imconfig.h">
      <Filter>ThirdParty\Imgui</Filter>
    </ClInclude>
    <ClInclude Include="..\ThirdParty\Imgui\imgui.h">
      <Filter>ThirdParty\Imgui</Filter>
    </ClInclude>
    <ClInclude Include="..\ThirdParty\Imgui\imgui_internal.h">
      <Filter>ThirdParty\Imgui</Filter>
    </ClInclude>
    <ClInclude Include="..\ThirdParty\Imgui\imstb_rectpack.h">
      <Filter>ThirdParty\Imgui</Filter>
    </ClInclude>
    <ClInclude Include="..\ThirdParty\Imgui\imstb_textedit.h">
      <Filter>ThirdParty\Imgui</Filter>
    </ClInclude>
    <ClInclude Include="..\ThirdParty\Imgui\imstb_truetype.h">
      <Filter>ThirdParty\Imgui</Filter>
    </ClInclude>
    <ClInclude Include="..\ThirdParty\Imgui\backends\imgui_impl_sdl3.h">
      <Filter>ThirdParty\Imgui\backends</Filter>
    </ClInclude>
    <ClInclude Include="..\ThirdParty\Imgui\backends\imgui_impl_vulkan.h">
      <Filter>ThirdParty\Imgui\backends</Filter>
    </ClInclude>
    <ClInclude Include="Core\Pass\ImguiPassEditor.h">
      <Filter>Editor</Filter>
    </ClInclude>
  </ItemGroup>
  <ItemGroup>
    <ClCompile Include="Core\VulkanManager.cpp">
      <Filter>Renderer\Core</Filter>
    </ClCompile>
    <ClCompile Include="..\ThirdParty\pugixml\pugixml.cpp">
      <Filter>ThirdParty\pugixml</Filter>
    </ClCompile>
    <ClCompile Include="Common\ConsoleDebug.cpp">
      <Filter>Common</Filter>
    </ClCompile>
    <ClCompile Include="Common\XMLStream.cpp">
      <Filter>Common</Filter>
    </ClCompile>
    <ClCompile Include="Core\VulkanRenderer.cpp">
      <Filter>Renderer\Core</Filter>
    </ClCompile>
    <ClCompile Include="Core\Pipeline.cpp">
      <Filter>Renderer\Core</Filter>
    </ClCompile>
    <ClCompile Include="Core\RendererConfig.cpp">
      <Filter>Renderer\Core</Filter>
    </ClCompile>
    <ClCompile Include="Common\Common.cpp">
      <Filter>Common</Filter>
    </ClCompile>
    <ClCompile Include="main.cpp">
      <Filter>Renderer</Filter>
    </ClCompile>
    <ClCompile Include="Editor\ShaderCompiler.cpp">
      <Filter>Editor</Filter>
    </ClCompile>
    <ClCompile Include="Common\FileSystem.cpp">
      <Filter>Common</Filter>
    </ClCompile>
    <ClCompile Include="Core\DescriptorSet.cpp">
      <Filter>Renderer\Core</Filter>
    </ClCompile>
    <ClCompile Include="Core\Shader.cpp">
      <Filter>Renderer\Core</Filter>
    </ClCompile>
    <ClCompile Include="Core\Thread.cpp">
      <Filter>Renderer\Core</Filter>
    </ClCompile>
    <ClCompile Include="Common\HTime.cpp">
      <Filter>Common</Filter>
    </ClCompile>
    <ClCompile Include="Core\VertexFactory.cpp">
      <Filter>Renderer\Core</Filter>
    </ClCompile>
    <ClCompile Include="Core\Component\CameraComponent.cpp">
      <Filter>Renderer\Core\Object\Component</Filter>
    </ClCompile>
    <ClCompile Include="Core\Component\Component.cpp">
      <Filter>Renderer\Core\Object\Component</Filter>
    </ClCompile>
    <ClCompile Include="Core\Component\ModelComponent.cpp">
      <Filter>Renderer\Core\Object\Component</Filter>
    </ClCompile>
    <ClCompile Include="Core\Primitive.cpp">
      <Filter>Renderer\Core</Filter>
    </ClCompile>
    <ClCompile Include="Common\HInput.cpp">
      <Filter>Common</Filter>
    </ClCompile>
    <ClCompile Include="Common\ImageTool.cpp">
      <Filter>Common</Filter>
    </ClCompile>
    <ClCompile Include="Common\DDSTool.cpp">
      <Filter>Common</Filter>
    </ClCompile>
    <ClCompile Include="..\ThirdParty\crossguid\Include\crossguid\guid.cpp">
      <Filter>ThirdParty\GUID</Filter>
    </ClCompile>
    <ClCompile Include="Common\TypeConversion.cpp">
      <Filter>Common</Filter>
    </ClCompile>
    <ClCompile Include="Common\HRect.cpp">
      <Filter>Common</Filter>
    </ClCompile>
    <ClCompile Include="Core\Component\GameObject.cpp">
      <Filter>Renderer\Core\Object</Filter>
    </ClCompile>
    <ClCompile Include="Core\Component\Transform.cpp">
      <Filter>Renderer\Core\Object</Filter>
    </ClCompile>
    <ClCompile Include="Core\Asset\HGuid.cpp">
      <Filter>Renderer\Core\Asset</Filter>
    </ClCompile>
    <ClCompile Include="Core\Asset\ContentManager.cpp">
      <Filter>Renderer\Core\Asset</Filter>
    </ClCompile>
    <ClCompile Include="Core\Asset\Material.cpp">
      <Filter>Renderer\Core\Asset\AssetType</Filter>
    </ClCompile>
    <ClCompile Include="Core\Asset\Model.cpp">
      <Filter>Renderer\Core\Asset\AssetType</Filter>
    </ClCompile>
    <ClCompile Include="Core\Asset\AssetObject.cpp">
      <Filter>Renderer\Core\Asset\AssetType</Filter>
    </ClCompile>
    <ClCompile Include="Core\Asset\Texture2D.cpp">
      <Filter>Renderer\Core\Asset\AssetType</Filter>
    </ClCompile>
    <ClCompile Include="Core\Asset\Serializable.cpp">
      <Filter>Renderer\Core\Asset</Filter>
    </ClCompile>
    <ClCompile Include="Core\Asset\World.cpp">
      <Filter>Renderer\Core\World</Filter>
    </ClCompile>
    <ClCompile Include="Core\Asset\Level.cpp">
      <Filter>Renderer\Core\World</Filter>
    </ClCompile>
    <ClCompile Include="Form\FormMain.cpp">
      <Filter>Renderer\Form</Filter>
    </ClCompile>
    <ClCompile Include="Core\Pass\PassBase.cpp">
      <Filter>Renderer\Core\Pass</Filter>
    </ClCompile>
    <ClCompile Include="Core\Pass\PassManager.cpp">
      <Filter>Renderer\Core\Pass</Filter>
    </ClCompile>
    <ClCompile Include="Core\Pass\ImguiPass.cpp">
      <Filter>Renderer\Core\Pass\GraphicsPass</Filter>
    </ClCompile>
    <ClCompile Include="Core\Pass\PreCommandPass.cpp">
      <Filter>Renderer\Core\Pass\Other</Filter>
    </ClCompile>
    <ClCompile Include="Core\Asset\SceneTexture.cpp">
      <Filter>Renderer\Core\Pass</Filter>
    </ClCompile>
    <ClCompile Include="Core\Asset\TextureCube.cpp">
      <Filter>Renderer\Core\Asset\AssetType</Filter>
    </ClCompile>
    <ClCompile Include="Core\Pass\HDRI2Cube.cpp">
      <Filter>Renderer\Core\Pass\ComputePass</Filter>
    </ClCompile>
    <ClCompile Include="Editor\NvidiaTextureTools.cpp">
      <Filter>Editor</Filter>
    </ClCompile>
    <ClCompile Include="Core\Pass\BasePass.cpp">
      <Filter>Renderer\Core\Pass\GraphicsPass</Filter>
    </ClCompile>
    <ClCompile Include="Core\Pass\DeferredLightingPass.cpp">
      <Filter>Renderer\Core\Pass\GraphicsPass</Filter>
    </ClCompile>
    <ClCompile Include="Core\Component\DirectionalLightComponent.cpp">
      <Filter>Renderer\Core\Object\Component</Filter>
    </ClCompile>
    <ClCompile Include="Core\Pass\PostProcessPass.cpp">
      <Filter>Renderer\Core\Pass\GraphicsPass</Filter>
    </ClCompile>
    <ClCompile Include="Core\VulkanObjectManager.cpp">
      <Filter>Renderer\Core</Filter>
    </ClCompile>
    <ClCompile Include="Core\VMABuffer.cpp">
      <Filter>Renderer\Core</Filter>
    </ClCompile>
    <ClCompile Include="..\ThirdParty\Imgui\imgui.cpp">
      <Filter>ThirdParty\Imgui</Filter>
    </ClCompile>
    <ClCompile Include="..\ThirdParty\Imgui\imgui_demo.cpp">
      <Filter>ThirdParty\Imgui</Filter>
    </ClCompile>
    <ClCompile Include="..\ThirdParty\Imgui\imgui_draw.cpp">
      <Filter>ThirdParty\Imgui</Filter>
    </ClCompile>
    <ClCompile Include="..\ThirdParty\Imgui\imgui_tables.cpp">
      <Filter>ThirdParty\Imgui</Filter>
    </ClCompile>
    <ClCompile Include="..\ThirdParty\Imgui\imgui_widgets.cpp">
      <Filter>ThirdParty\Imgui</Filter>
    </ClCompile>
    <ClCompile Include="..\ThirdParty\Imgui\backends\imgui_impl_sdl3.cpp">
      <Filter>ThirdParty\Imgui\backends</Filter>
    </ClCompile>
    <ClCompile Include="..\ThirdParty\Imgui\backends\imgui_impl_vulkan.cpp">
      <Filter>ThirdParty\Imgui\backends</Filter>
    </ClCompile>
    <ClCompile Include="Core\Pass\ImguiPassEditor.cpp">
      <Filter>Editor</Filter>
    </ClCompile>
  </ItemGroup>
  <ItemGroup>
    <None Include="cpp.hint" />
  </ItemGroup>
</Project>