
Microsoft Visual Studio Solution File, Format Version 12.00
# Visual Studio Version 17
VisualStudioVersion = 17.10.35122.118
MinimumVisualStudioVersion = 10.0.40219.1
Project("{8BC9CEB8-8B4A-11D0-8D11-00A0C91BC942}") = "RendererCore", "RendererCore\RendererCore.vcxproj", "{5EA35751-8425-4582-9566-D9E95F11D89D}"
EndProject
Project("{8BC9CEB8-8B4A-11D0-8D11-00A0C91BC942}") = "DependencyCopy", "DependencyCopy\DependencyCopy.vcxproj", "{62162565-C1F0-43C9-89E8-7014EB937665}"
EndProject
Project("{8BC9CEB8-8B4A-11D0-8D11-00A0C91BC942}") = "ImguiEditor", "ImguiEditor\ImguiEditor.vcxproj", "{8A5590BE-BCD0-41FB-934E-2A0764FB54F8}"
EndProject
Project("{8BC9CEB8-8B4A-11D0-8D11-00A0C91BC942}") = "Game", "Game\Game.vcxproj", "{846CB680-7252-4C5A-BF0B-379C993E9EEF}"
EndProject
Global
	GlobalSection(SolutionConfigurationPlatforms) = preSolution
		Debug|ARM = Debug|ARM
		Debug|ARM64 = Debug|ARM64
		Debug|x64 = Debug|x64
		Debug|x86 = Debug|x86
		Game|ARM = Game|ARM
		Game|ARM64 = Game|ARM64
		Game|x64 = Game|x64
		Game|x86 = Game|x86
		Release|ARM = Release|ARM
		Release|ARM64 = Release|ARM64
		Release|x64 = Release|x64
		Release|x86 = Release|x86
	EndGlobalSection
	GlobalSection(ProjectConfigurationPlatforms) = postSolution
		{5EA35751-8425-4582-9566-D9E95F11D89D}.Debug|ARM.ActiveCfg = Debug|x64
		{5EA35751-8425-4582-9566-D9E95F11D89D}.Debug|ARM.Build.0 = Debug|x64
		{5EA35751-8425-4582-9566-D9E95F11D89D}.Debug|ARM64.ActiveCfg = Debug|x64
		{5EA35751-8425-4582-9566-D9E95F11D89D}.Debug|ARM64.Build.0 = Debug|x64
		{5EA35751-8425-4582-9566-D9E95F11D89D}.Debug|x64.ActiveCfg = Debug|x64
		{5EA35751-8425-4582-9566-D9E95F11D89D}.Debug|x64.Build.0 = Debug|x64
		{5EA35751-8425-4582-9566-D9E95F11D89D}.Debug|x86.ActiveCfg = Debug|Win32
		{5EA35751-8425-4582-9566-D9E95F11D89D}.Debug|x86.Build.0 = Debug|Win32
		{5EA35751-8425-4582-9566-D9E95F11D89D}.Game|ARM.ActiveCfg = Game|x64
		{5EA35751-8425-4582-9566-D9E95F11D89D}.Game|ARM.Build.0 = Game|x64
		{5EA35751-8425-4582-9566-D9E95F11D89D}.Game|ARM64.ActiveCfg = Game|x64
		{5EA35751-8425-4582-9566-D9E95F11D89D}.Game|ARM64.Build.0 = Game|x64
		{5EA35751-8425-4582-9566-D9E95F11D89D}.Game|x64.ActiveCfg = Game|x64
		{5EA35751-8425-4582-9566-D9E95F11D89D}.Game|x64.Build.0 = Game|x64
		{5EA35751-8425-4582-9566-D9E95F11D89D}.Game|x86.ActiveCfg = Game|Win32
		{5EA35751-8425-4582-9566-D9E95F11D89D}.Game|x86.Build.0 = Game|Win32
		{5EA35751-8425-4582-9566-D9E95F11D89D}.Release|ARM.ActiveCfg = Release|x64
		{5EA35751-8425-4582-9566-D9E95F11D89D}.Release|ARM.Build.0 = Release|x64
		{5EA35751-8425-4582-9566-D9E95F11D89D}.Release|ARM64.ActiveCfg = Release|x64
		{5EA35751-8425-4582-9566-D9E95F11D89D}.Release|ARM64.Build.0 = Release|x64
		{5EA35751-8425-4582-9566-D9E95F11D89D}.Release|x64.ActiveCfg = Release|x64
		{5EA35751-8425-4582-9566-D9E95F11D89D}.Release|x64.Build.0 = Release|x64
		{5EA35751-8425-4582-9566-D9E95F11D89D}.Release|x86.ActiveCfg = Release|Win32
		{5EA35751-8425-4582-9566-D9E95F11D89D}.Release|x86.Build.0 = Release|Win32
		{62162565-C1F0-43C9-89E8-7014EB937665}.Debug|ARM.ActiveCfg = Debug|x64
		{62162565-C1F0-43C9-89E8-7014EB937665}.Debug|ARM.Build.0 = Debug|x64
		{62162565-C1F0-43C9-89E8-7014EB937665}.Debug|ARM64.ActiveCfg = Debug|x64
		{62162565-C1F0-43C9-89E8-7014EB937665}.Debug|ARM64.Build.0 = Debug|x64
		{62162565-C1F0-43C9-89E8-7014EB937665}.Debug|x64.ActiveCfg = Debug|x64
		{62162565-C1F0-43C9-89E8-7014EB937665}.Debug|x64.Build.0 = Debug|x64
		{62162565-C1F0-43C9-89E8-7014EB937665}.Debug|x86.ActiveCfg = Debug|Win32
		{62162565-C1F0-43C9-89E8-7014EB937665}.Debug|x86.Build.0 = Debug|Win32
		{62162565-C1F0-43C9-89E8-7014EB937665}.Game|ARM.ActiveCfg = ReleaseGame_GLFW|x64
		{62162565-C1F0-43C9-89E8-7014EB937665}.Game|ARM.Build.0 = ReleaseGame_GLFW|x64
		{62162565-C1F0-43C9-89E8-7014EB937665}.Game|ARM64.ActiveCfg = ReleaseGame_GLFW|x64
		{62162565-C1F0-43C9-89E8-7014EB937665}.Game|ARM64.Build.0 = ReleaseGame_GLFW|x64
		{62162565-C1F0-43C9-89E8-7014EB937665}.Game|x64.ActiveCfg = Game|x64
		{62162565-C1F0-43C9-89E8-7014EB937665}.Game|x64.Build.0 = Game|x64
		{62162565-C1F0-43C9-89E8-7014EB937665}.Game|x86.ActiveCfg = ReleaseGame_GLFW|Win32
		{62162565-C1F0-43C9-89E8-7014EB937665}.Game|x86.Build.0 = ReleaseGame_GLFW|Win32
		{62162565-C1F0-43C9-89E8-7014EB937665}.Release|ARM.ActiveCfg = Release|x64
		{62162565-C1F0-43C9-89E8-7014EB937665}.Release|ARM.Build.0 = Release|x64
		{62162565-C1F0-43C9-89E8-7014EB937665}.Release|ARM64.ActiveCfg = Release|x64
		{62162565-C1F0-43C9-89E8-7014EB937665}.Release|ARM64.Build.0 = Release|x64
		{62162565-C1F0-43C9-89E8-7014EB937665}.Release|x64.ActiveCfg = Release|x64
		{62162565-C1F0-43C9-89E8-7014EB937665}.Release|x64.Build.0 = Release|x64
		{62162565-C1F0-43C9-89E8-7014EB937665}.Release|x86.ActiveCfg = Release|Win32
		{62162565-C1F0-43C9-89E8-7014EB937665}.Release|x86.Build.0 = Release|Win32
		{8A5590BE-BCD0-41FB-934E-2A0764FB54F8}.Debug|ARM.ActiveCfg = Debug|x64
		{8A5590BE-BCD0-41FB-934E-2A0764FB54F8}.Debug|ARM.Build.0 = Debug|x64
		{8A5590BE-BCD0-41FB-934E-2A0764FB54F8}.Debug|ARM64.ActiveCfg = Debug|x64
		{8A5590BE-BCD0-41FB-934E-2A0764FB54F8}.Debug|ARM64.Build.0 = Debug|x64
		{8A5590BE-BCD0-41FB-934E-2A0764FB54F8}.Debug|x64.ActiveCfg = Debug|x64
		{8A5590BE-BCD0-41FB-934E-2A0764FB54F8}.Debug|x64.Build.0 = Debug|x64
		{8A5590BE-BCD0-41FB-934E-2A0764FB54F8}.Debug|x86.ActiveCfg = Debug|Win32
		{8A5590BE-BCD0-41FB-934E-2A0764FB54F8}.Debug|x86.Build.0 = Debug|Win32
		{8A5590BE-BCD0-41FB-934E-2A0764FB54F8}.Game|ARM.ActiveCfg = Release|x64
		{8A5590BE-BCD0-41FB-934E-2A0764FB54F8}.Game|ARM.Build.0 = Release|x64
		{8A5590BE-BCD0-41FB-934E-2A0764FB54F8}.Game|ARM64.ActiveCfg = Release|x64
		{8A5590BE-BCD0-41FB-934E-2A0764FB54F8}.Game|ARM64.Build.0 = Release|x64
		{8A5590BE-BCD0-41FB-934E-2A0764FB54F8}.Game|x64.ActiveCfg = Game|x64
		{8A5590BE-BCD0-41FB-934E-2A0764FB54F8}.Game|x64.Build.0 = Game|x64
		{8A5590BE-BCD0-41FB-934E-2A0764FB54F8}.Game|x86.ActiveCfg = Release|Win32
		{8A5590BE-BCD0-41FB-934E-2A0764FB54F8}.Game|x86.Build.0 = Release|Win32
		{8A5590BE-BCD0-41FB-934E-2A0764FB54F8}.Release|ARM.ActiveCfg = Release|x64
		{8A5590BE-BCD0-41FB-934E-2A0764FB54F8}.Release|ARM.Build.0 = Release|x64
		{8A5590BE-BCD0-41FB-934E-2A0764FB54F8}.Release|ARM64.ActiveCfg = Release|x64
		{8A5590BE-BCD0-41FB-934E-2A0764FB54F8}.Release|ARM64.Build.0 = Release|x64
		{8A5590BE-BCD0-41FB-934E-2A0764FB54F8}.Release|x64.ActiveCfg = Release|x64
		{8A5590BE-BCD0-41FB-934E-2A0764FB54F8}.Release|x64.Build.0 = Release|x64
		{8A5590BE-BCD0-41FB-934E-2A0764FB54F8}.Release|x86.ActiveCfg = Release|Win32
		{8A5590BE-BCD0-41FB-934E-2A0764FB54F8}.Release|x86.Build.0 = Release|Win32
		{846CB680-7252-4C5A-BF0B-379C993E9EEF}.Debug|ARM.ActiveCfg = Debug|x64
		{846CB680-7252-4C5A-BF0B-379C993E9EEF}.Debug|ARM.Build.0 = Debug|x64
		{846CB680-7252-4C5A-BF0B-379C993E9EEF}.Debug|ARM64.ActiveCfg = Debug|x64
		{846CB680-7252-4C5A-BF0B-379C993E9EEF}.Debug|ARM64.Build.0 = Debug|x64
		{846CB680-7252-4C5A-BF0B-379C993E9EEF}.Debug|x64.ActiveCfg = Debug|x64
		{846CB680-7252-4C5A-BF0B-379C993E9EEF}.Debug|x64.Build.0 = Debug|x64
		{846CB680-7252-4C5A-BF0B-379C993E9EEF}.Debug|x86.ActiveCfg = Debug|Win32
		{846CB680-7252-4C5A-BF0B-379C993E9EEF}.Debug|x86.Build.0 = Debug|Win32
		{846CB680-7252-4C5A-BF0B-379C993E9EEF}.Game|ARM.ActiveCfg = Release|x64
		{846CB680-7252-4C5A-BF0B-379C993E9EEF}.Game|ARM.Build.0 = Release|x64
		{846CB680-7252-4C5A-BF0B-379C993E9EEF}.Game|ARM64.ActiveCfg = Release|x64
		{846CB680-7252-4C5A-BF0B-379C993E9EEF}.Game|ARM64.Build.0 = Release|x64
		{846CB680-7252-4C5A-BF0B-379C993E9EEF}.Game|x64.ActiveCfg = Game|x64
		{846CB680-7252-4C5A-BF0B-379C993E9EEF}.Game|x64.Build.0 = Game|x64
		{846CB680-7252-4C5A-BF0B-379C993E9EEF}.Game|x86.ActiveCfg = Release|Win32
		{846CB680-7252-4C5A-BF0B-379C993E9EEF}.Game|x86.Build.0 = Release|Win32
		{846CB680-7252-4C5A-BF0B-379C993E9EEF}.Release|ARM.ActiveCfg = Release|x64
		{846CB680-7252-4C5A-BF0B-379C993E9EEF}.Release|ARM.Build.0 = Release|x64
		{846CB680-7252-4C5A-BF0B-379C993E9EEF}.Release|ARM64.ActiveCfg = Release|x64
		{846CB680-7252-4C5A-BF0B-379C993E9EEF}.Release|ARM64.Build.0 = Release|x64
		{846CB680-7252-4C5A-BF0B-379C993E9EEF}.Release|x64.ActiveCfg = Release|x64
		{846CB680-7252-4C5A-BF0B-379C993E9EEF}.Release|x64.Build.0 = Release|x64
		{846CB680-7252-4C5A-BF0B-379C993E9EEF}.Release|x86.ActiveCfg = Release|Win32
		{846CB680-7252-4C5A-BF0B-379C993E9EEF}.Release|x86.Build.0 = Release|Win32
	EndGlobalSection
	GlobalSection(SolutionProperties) = preSolution
		HideSolutionNode = FALSE
	EndGlobalSection
	GlobalSection(ExtensibilityGlobals) = postSolution
		SolutionGuid = {56C5F671-8258-4EDA-AE9D-559EC75D7F7B}
	EndGlobalSection
EndGlobal
